// !$*UTF8*$!
{
	archiveVersion = 1;
	classes = {
	};
	objectVersion = 46;
	objects = {

/* Begin PBXBuildFile section */
		98AC581F1C57DF260098ACEF /* AppDelegate.swift in Sources */ = {isa = PBXBuildFile; fileRef = 98AC581E1C57DF260098ACEF /* AppDelegate.swift */; };
		98AC58211C57DF260098ACEF /* ViewController.swift in Sources */ = {isa = PBXBuildFile; fileRef = 98AC58201C57DF260098ACEF /* ViewController.swift */; };
		98AC58241C57DF260098ACEF /* Main.storyboard in Resources */ = {isa = PBXBuildFile; fileRef = 98AC58221C57DF260098ACEF /* Main.storyboard */; };
		98AC58261C57DF260098ACEF /* Assets.xcassets in Resources */ = {isa = PBXBuildFile; fileRef = 98AC58251C57DF260098ACEF /* Assets.xcassets */; };
		98AC58291C57DF260098ACEF /* LaunchScreen.storyboard in Resources */ = {isa = PBXBuildFile; fileRef = 98AC58271C57DF260098ACEF /* LaunchScreen.storyboard */; };
		98AC58341C57DF260098ACEF /* MockUPTests.swift in Sources */ = {isa = PBXBuildFile; fileRef = 98AC58331C57DF260098ACEF /* MockUPTests.swift */; };
		98AC583F1C57DF260098ACEF /* MockUPUITests.swift in Sources */ = {isa = PBXBuildFile; fileRef = 98AC583E1C57DF260098ACEF /* MockUPUITests.swift */; };
		98BE05441C57F3FD009728E7 /* FBSDKCoreKit.framework in Frameworks */ = {isa = PBXBuildFile; fileRef = 98BE05431C57F3FD009728E7 /* FBSDKCoreKit.framework */; settings = {ASSET_TAGS = (); }; };
		98BE05461C57F40A009728E7 /* FBSDKLoginKit.framework in Frameworks */ = {isa = PBXBuildFile; fileRef = 98BE05451C57F40A009728E7 /* FBSDKLoginKit.framework */; settings = {ASSET_TAGS = (); }; };
		98BE05481C57F415009728E7 /* FBSDKShareKit.framework in Frameworks */ = {isa = PBXBuildFile; fileRef = 98BE05471C57F415009728E7 /* FBSDKShareKit.framework */; settings = {ASSET_TAGS = (); }; };
/* End PBXBuildFile section */

/* Begin PBXContainerItemProxy section */
		98AC58301C57DF260098ACEF /* PBXContainerItemProxy */ = {
			isa = PBXContainerItemProxy;
			containerPortal = 98AC58131C57DF240098ACEF /* Project object */;
			proxyType = 1;
			remoteGlobalIDString = 98AC581A1C57DF250098ACEF;
			remoteInfo = MockUP;
		};
		98AC583B1C57DF260098ACEF /* PBXContainerItemProxy */ = {
			isa = PBXContainerItemProxy;
			containerPortal = 98AC58131C57DF240098ACEF /* Project object */;
			proxyType = 1;
			remoteGlobalIDString = 98AC581A1C57DF250098ACEF;
			remoteInfo = MockUP;
		};
/* End PBXContainerItemProxy section */

/* Begin PBXFileReference section */
		98AC581B1C57DF250098ACEF /* MockUP.app */ = {isa = PBXFileReference; explicitFileType = wrapper.application; includeInIndex = 0; path = MockUP.app; sourceTree = BUILT_PRODUCTS_DIR; };
		98AC581E1C57DF260098ACEF /* AppDelegate.swift */ = {isa = PBXFileReference; lastKnownFileType = sourcecode.swift; path = AppDelegate.swift; sourceTree = "<group>"; };
		98AC58201C57DF260098ACEF /* ViewController.swift */ = {isa = PBXFileReference; lastKnownFileType = sourcecode.swift; path = ViewController.swift; sourceTree = "<group>"; };
		98AC58231C57DF260098ACEF /* Base */ = {isa = PBXFileReference; lastKnownFileType = file.storyboard; name = Base; path = Base.lproj/Main.storyboard; sourceTree = "<group>"; };
		98AC58251C57DF260098ACEF /* Assets.xcassets */ = {isa = PBXFileReference; lastKnownFileType = folder.assetcatalog; path = Assets.xcassets; sourceTree = "<group>"; };
		98AC58281C57DF260098ACEF /* Base */ = {isa = PBXFileReference; lastKnownFileType = file.storyboard; name = Base; path = Base.lproj/LaunchScreen.storyboard; sourceTree = "<group>"; };
		98AC582A1C57DF260098ACEF /* Info.plist */ = {isa = PBXFileReference; lastKnownFileType = text.plist.xml; path = Info.plist; sourceTree = "<group>"; };
		98AC582F1C57DF260098ACEF /* MockUPTests.xctest */ = {isa = PBXFileReference; explicitFileType = wrapper.cfbundle; includeInIndex = 0; path = MockUPTests.xctest; sourceTree = BUILT_PRODUCTS_DIR; };
		98AC58331C57DF260098ACEF /* MockUPTests.swift */ = {isa = PBXFileReference; lastKnownFileType = sourcecode.swift; path = MockUPTests.swift; sourceTree = "<group>"; };
		98AC58351C57DF260098ACEF /* Info.plist */ = {isa = PBXFileReference; lastKnownFileType = text.plist.xml; path = Info.plist; sourceTree = "<group>"; };
		98AC583A1C57DF260098ACEF /* MockUPUITests.xctest */ = {isa = PBXFileReference; explicitFileType = wrapper.cfbundle; includeInIndex = 0; path = MockUPUITests.xctest; sourceTree = BUILT_PRODUCTS_DIR; };
		98AC583E1C57DF260098ACEF /* MockUPUITests.swift */ = {isa = PBXFileReference; lastKnownFileType = sourcecode.swift; path = MockUPUITests.swift; sourceTree = "<group>"; };
		98AC58401C57DF260098ACEF /* Info.plist */ = {isa = PBXFileReference; lastKnownFileType = text.plist.xml; path = Info.plist; sourceTree = "<group>"; };
		98BE05431C57F3FD009728E7 /* FBSDKCoreKit.framework */ = {isa = PBXFileReference; lastKnownFileType = wrapper.framework; path = FBSDKCoreKit.framework; sourceTree = SOURCE_ROOT; };
		98BE05451C57F40A009728E7 /* FBSDKLoginKit.framework */ = {isa = PBXFileReference; lastKnownFileType = wrapper.framework; path = FBSDKLoginKit.framework; sourceTree = SOURCE_ROOT; };
		98BE05471C57F415009728E7 /* FBSDKShareKit.framework */ = {isa = PBXFileReference; lastKnownFileType = wrapper.framework; path = FBSDKShareKit.framework; sourceTree = SOURCE_ROOT; };
/* End PBXFileReference section */

/* Begin PBXFrameworksBuildPhase section */
		98AC58181C57DF250098ACEF /* Frameworks */ = {
			isa = PBXFrameworksBuildPhase;
			buildActionMask = 2147483647;
			files = (
				98BE05461C57F40A009728E7 /* FBSDKLoginKit.framework in Frameworks */,
				98BE05441C57F3FD009728E7 /* FBSDKCoreKit.framework in Frameworks */,
				98BE05481C57F415009728E7 /* FBSDKShareKit.framework in Frameworks */,
			);
			runOnlyForDeploymentPostprocessing = 0;
		};
		98AC582C1C57DF260098ACEF /* Frameworks */ = {
			isa = PBXFrameworksBuildPhase;
			buildActionMask = 2147483647;
			files = (
			);
			runOnlyForDeploymentPostprocessing = 0;
		};
		98AC58371C57DF260098ACEF /* Frameworks */ = {
			isa = PBXFrameworksBuildPhase;
			buildActionMask = 2147483647;
			files = (
			);
			runOnlyForDeploymentPostprocessing = 0;
		};
/* End PBXFrameworksBuildPhase section */

/* Begin PBXGroup section */
		98AC58121C57DF240098ACEF = {
			isa = PBXGroup;
			children = (
				98AC581D1C57DF250098ACEF /* MockUP */,
				98AC58321C57DF260098ACEF /* MockUPTests */,
				98AC583D1C57DF260098ACEF /* MockUPUITests */,
				98AC581C1C57DF250098ACEF /* Products */,
			);
			sourceTree = "<group>";
		};
		98AC581C1C57DF250098ACEF /* Products */ = {
			isa = PBXGroup;
			children = (
				98AC581B1C57DF250098ACEF /* MockUP.app */,
				98AC582F1C57DF260098ACEF /* MockUPTests.xctest */,
				98AC583A1C57DF260098ACEF /* MockUPUITests.xctest */,
			);
			name = Products;
			sourceTree = "<group>";
		};
		98AC581D1C57DF250098ACEF /* MockUP */ = {
			isa = PBXGroup;
			children = (
				98BE05471C57F415009728E7 /* FBSDKShareKit.framework */,
				98BE05451C57F40A009728E7 /* FBSDKLoginKit.framework */,
				98BE05431C57F3FD009728E7 /* FBSDKCoreKit.framework */,
				98AC581E1C57DF260098ACEF /* AppDelegate.swift */,
				98AC58201C57DF260098ACEF /* ViewController.swift */,
				98AC58221C57DF260098ACEF /* Main.storyboard */,
				98AC58251C57DF260098ACEF /* Assets.xcassets */,
				98AC58271C57DF260098ACEF /* LaunchScreen.storyboard */,
				98AC582A1C57DF260098ACEF /* Info.plist */,
			);
			path = MockUP;
			sourceTree = "<group>";
		};
		98AC58321C57DF260098ACEF /* MockUPTests */ = {
			isa = PBXGroup;
			children = (
				98AC58331C57DF260098ACEF /* MockUPTests.swift */,
				98AC58351C57DF260098ACEF /* Info.plist */,
			);
			path = MockUPTests;
			sourceTree = "<group>";
		};
		98AC583D1C57DF260098ACEF /* MockUPUITests */ = {
			isa = PBXGroup;
			children = (
				98AC583E1C57DF260098ACEF /* MockUPUITests.swift */,
				98AC58401C57DF260098ACEF /* Info.plist */,
			);
			path = MockUPUITests;
			sourceTree = "<group>";
		};
/* End PBXGroup section */

/* Begin PBXNativeTarget section */
		98AC581A1C57DF250098ACEF /* MockUP */ = {
			isa = PBXNativeTarget;
			buildConfigurationList = 98AC58431C57DF260098ACEF /* Build configuration list for PBXNativeTarget "MockUP" */;
			buildPhases = (
				98AC58171C57DF250098ACEF /* Sources */,
				98AC58181C57DF250098ACEF /* Frameworks */,
				98AC58191C57DF250098ACEF /* Resources */,
			);
			buildRules = (
			);
			dependencies = (
			);
			name = MockUP;
			productName = MockUP;
			productReference = 98AC581B1C57DF250098ACEF /* MockUP.app */;
			productType = "com.apple.product-type.application";
		};
		98AC582E1C57DF260098ACEF /* MockUPTests */ = {
			isa = PBXNativeTarget;
			buildConfigurationList = 98AC58461C57DF260098ACEF /* Build configuration list for PBXNativeTarget "MockUPTests" */;
			buildPhases = (
				98AC582B1C57DF260098ACEF /* Sources */,
				98AC582C1C57DF260098ACEF /* Frameworks */,
				98AC582D1C57DF260098ACEF /* Resources */,
			);
			buildRules = (
			);
			dependencies = (
				98AC58311C57DF260098ACEF /* PBXTargetDependency */,
			);
			name = MockUPTests;
			productName = MockUPTests;
			productReference = 98AC582F1C57DF260098ACEF /* MockUPTests.xctest */;
			productType = "com.apple.product-type.bundle.unit-test";
		};
		98AC58391C57DF260098ACEF /* MockUPUITests */ = {
			isa = PBXNativeTarget;
			buildConfigurationList = 98AC58491C57DF260098ACEF /* Build configuration list for PBXNativeTarget "MockUPUITests" */;
			buildPhases = (
				98AC58361C57DF260098ACEF /* Sources */,
				98AC58371C57DF260098ACEF /* Frameworks */,
				98AC58381C57DF260098ACEF /* Resources */,
			);
			buildRules = (
			);
			dependencies = (
				98AC583C1C57DF260098ACEF /* PBXTargetDependency */,
			);
			name = MockUPUITests;
			productName = MockUPUITests;
			productReference = 98AC583A1C57DF260098ACEF /* MockUPUITests.xctest */;
			productType = "com.apple.product-type.bundle.ui-testing";
		};
/* End PBXNativeTarget section */

/* Begin PBXProject section */
		98AC58131C57DF240098ACEF /* Project object */ = {
			isa = PBXProject;
			attributes = {
				LastSwiftUpdateCheck = 0700;
				LastUpgradeCheck = 0700;
				ORGANIZATIONNAME = "Ho Jeannie";
				TargetAttributes = {
					98AC581A1C57DF250098ACEF = {
						CreatedOnToolsVersion = 7.0;
					};
					98AC582E1C57DF260098ACEF = {
						CreatedOnToolsVersion = 7.0;
						TestTargetID = 98AC581A1C57DF250098ACEF;
					};
					98AC58391C57DF260098ACEF = {
						CreatedOnToolsVersion = 7.0;
						TestTargetID = 98AC581A1C57DF250098ACEF;
					};
				};
			};
			buildConfigurationList = 98AC58161C57DF240098ACEF /* Build configuration list for PBXProject "MockUP" */;
			compatibilityVersion = "Xcode 3.2";
			developmentRegion = English;
			hasScannedForEncodings = 0;
			knownRegions = (
				en,
				Base,
			);
			mainGroup = 98AC58121C57DF240098ACEF;
			productRefGroup = 98AC581C1C57DF250098ACEF /* Products */;
			projectDirPath = "";
			projectRoot = "";
			targets = (
				98AC581A1C57DF250098ACEF /* MockUP */,
				98AC582E1C57DF260098ACEF /* MockUPTests */,
				98AC58391C57DF260098ACEF /* MockUPUITests */,
			);
		};
/* End PBXProject section */

/* Begin PBXResourcesBuildPhase section */
		98AC58191C57DF250098ACEF /* Resources */ = {
			isa = PBXResourcesBuildPhase;
			buildActionMask = 2147483647;
			files = (
				98AC58291C57DF260098ACEF /* LaunchScreen.storyboard in Resources */,
				98AC58261C57DF260098ACEF /* Assets.xcassets in Resources */,
				98AC58241C57DF260098ACEF /* Main.storyboard in Resources */,
			);
			runOnlyForDeploymentPostprocessing = 0;
		};
		98AC582D1C57DF260098ACEF /* Resources */ = {
			isa = PBXResourcesBuildPhase;
			buildActionMask = 2147483647;
			files = (
			);
			runOnlyForDeploymentPostprocessing = 0;
		};
		98AC58381C57DF260098ACEF /* Resources */ = {
			isa = PBXResourcesBuildPhase;
			buildActionMask = 2147483647;
			files = (
			);
			runOnlyForDeploymentPostprocessing = 0;
		};
/* End PBXResourcesBuildPhase section */

/* Begin PBXSourcesBuildPhase section */
		98AC58171C57DF250098ACEF /* Sources */ = {
			isa = PBXSourcesBuildPhase;
			buildActionMask = 2147483647;
			files = (
				98AC58211C57DF260098ACEF /* ViewController.swift in Sources */,
				98AC581F1C57DF260098ACEF /* AppDelegate.swift in Sources */,
			);
			runOnlyForDeploymentPostprocessing = 0;
		};
		98AC582B1C57DF260098ACEF /* Sources */ = {
			isa = PBXSourcesBuildPhase;
			buildActionMask = 2147483647;
			files = (
				98AC58341C57DF260098ACEF /* MockUPTests.swift in Sources */,
			);
			runOnlyForDeploymentPostprocessing = 0;
		};
		98AC58361C57DF260098ACEF /* Sources */ = {
			isa = PBXSourcesBuildPhase;
			buildActionMask = 2147483647;
			files = (
				98AC583F1C57DF260098ACEF /* MockUPUITests.swift in Sources */,
			);
			runOnlyForDeploymentPostprocessing = 0;
		};
/* End PBXSourcesBuildPhase section */

/* Begin PBXTargetDependency section */
		98AC58311C57DF260098ACEF /* PBXTargetDependency */ = {
			isa = PBXTargetDependency;
			target = 98AC581A1C57DF250098ACEF /* MockUP */;
			targetProxy = 98AC58301C57DF260098ACEF /* PBXContainerItemProxy */;
		};
		98AC583C1C57DF260098ACEF /* PBXTargetDependency */ = {
			isa = PBXTargetDependency;
			target = 98AC581A1C57DF250098ACEF /* MockUP */;
			targetProxy = 98AC583B1C57DF260098ACEF /* PBXContainerItemProxy */;
		};
/* End PBXTargetDependency section */

/* Begin PBXVariantGroup section */
		98AC58221C57DF260098ACEF /* Main.storyboard */ = {
			isa = PBXVariantGroup;
			children = (
				98AC58231C57DF260098ACEF /* Base */,
			);
			name = Main.storyboard;
			sourceTree = "<group>";
		};
		98AC58271C57DF260098ACEF /* LaunchScreen.storyboard */ = {
			isa = PBXVariantGroup;
			children = (
				98AC58281C57DF260098ACEF /* Base */,
			);
			name = LaunchScreen.storyboard;
			sourceTree = "<group>";
		};
/* End PBXVariantGroup section */

/* Begin XCBuildConfiguration section */
		98AC58411C57DF260098ACEF /* Debug */ = {
			isa = XCBuildConfiguration;
			buildSettings = {
				ALWAYS_SEARCH_USER_PATHS = NO;
				CLANG_CXX_LANGUAGE_STANDARD = "gnu++0x";
				CLANG_CXX_LIBRARY = "libc++";
				CLANG_ENABLE_MODULES = YES;
				CLANG_ENABLE_OBJC_ARC = YES;
				CLANG_WARN_BOOL_CONVERSION = YES;
				CLANG_WARN_CONSTANT_CONVERSION = YES;
				CLANG_WARN_DIRECT_OBJC_ISA_USAGE = YES_ERROR;
				CLANG_WARN_EMPTY_BODY = YES;
				CLANG_WARN_ENUM_CONVERSION = YES;
				CLANG_WARN_INT_CONVERSION = YES;
				CLANG_WARN_OBJC_ROOT_CLASS = YES_ERROR;
				CLANG_WARN_UNREACHABLE_CODE = YES;
				CLANG_WARN__DUPLICATE_METHOD_MATCH = YES;
				"CODE_SIGN_IDENTITY[sdk=iphoneos*]" = "iPhone Developer";
				COPY_PHASE_STRIP = NO;
				DEBUG_INFORMATION_FORMAT = dwarf;
				ENABLE_STRICT_OBJC_MSGSEND = YES;
				ENABLE_TESTABILITY = YES;
				GCC_C_LANGUAGE_STANDARD = gnu99;
				GCC_DYNAMIC_NO_PIC = NO;
				GCC_NO_COMMON_BLOCKS = YES;
				GCC_OPTIMIZATION_LEVEL = 0;
				GCC_PREPROCESSOR_DEFINITIONS = (
					"DEBUG=1",
					"$(inherited)",
				);
				GCC_WARN_64_TO_32_BIT_CONVERSION = YES;
				GCC_WARN_ABOUT_RETURN_TYPE = YES_ERROR;
				GCC_WARN_UNDECLARED_SELECTOR = YES;
				GCC_WARN_UNINITIALIZED_AUTOS = YES_AGGRESSIVE;
				GCC_WARN_UNUSED_FUNCTION = YES;
				GCC_WARN_UNUSED_VARIABLE = YES;
				IPHONEOS_DEPLOYMENT_TARGET = 9.0;
				MTL_ENABLE_DEBUG_INFO = YES;
				ONLY_ACTIVE_ARCH = YES;
				SDKROOT = iphoneos;
				SWIFT_OPTIMIZATION_LEVEL = "-Onone";
				TARGETED_DEVICE_FAMILY = "1,2";
			};
			name = Debug;
		};
		98AC58421C57DF260098ACEF /* Release */ = {
			isa = XCBuildConfiguration;
			buildSettings = {
				ALWAYS_SEARCH_USER_PATHS = NO;
				CLANG_CXX_LANGUAGE_STANDARD = "gnu++0x";
				CLANG_CXX_LIBRARY = "libc++";
				CLANG_ENABLE_MODULES = YES;
				CLANG_ENABLE_OBJC_ARC = YES;
				CLANG_WARN_BOOL_CONVERSION = YES;
				CLANG_WARN_CONSTANT_CONVERSION = YES;
				CLANG_WARN_DIRECT_OBJC_ISA_USAGE = YES_ERROR;
				CLANG_WARN_EMPTY_BODY = YES;
				CLANG_WARN_ENUM_CONVERSION = YES;
				CLANG_WARN_INT_CONVERSION = YES;
				CLANG_WARN_OBJC_ROOT_CLASS = YES_ERROR;
				CLANG_WARN_UNREACHABLE_CODE = YES;
				CLANG_WARN__DUPLICATE_METHOD_MATCH = YES;
				"CODE_SIGN_IDENTITY[sdk=iphoneos*]" = "iPhone Developer";
				COPY_PHASE_STRIP = NO;
				DEBUG_INFORMATION_FORMAT = "dwarf-with-dsym";
				ENABLE_NS_ASSERTIONS = NO;
				ENABLE_STRICT_OBJC_MSGSEND = YES;
				GCC_C_LANGUAGE_STANDARD = gnu99;
				GCC_NO_COMMON_BLOCKS = YES;
				GCC_WARN_64_TO_32_BIT_CONVERSION = YES;
				GCC_WARN_ABOUT_RETURN_TYPE = YES_ERROR;
				GCC_WARN_UNDECLARED_SELECTOR = YES;
				GCC_WARN_UNINITIALIZED_AUTOS = YES_AGGRESSIVE;
				GCC_WARN_UNUSED_FUNCTION = YES;
				GCC_WARN_UNUSED_VARIABLE = YES;
				IPHONEOS_DEPLOYMENT_TARGET = 9.0;
				MTL_ENABLE_DEBUG_INFO = NO;
				SDKROOT = iphoneos;
				TARGETED_DEVICE_FAMILY = "1,2";
				VALIDATE_PRODUCT = YES;
			};
			name = Release;
		};
		98AC58441C57DF260098ACEF /* Debug */ = {
			isa = XCBuildConfiguration;
			buildSettings = {
				ASSETCATALOG_COMPILER_APPICON_NAME = AppIcon;
				FRAMEWORK_SEARCH_PATHS = (
					"$(inherited)",
					"$(PROJECT_DIR)",
				);
				INFOPLIST_FILE = MockUP/Info.plist;
				LD_RUNPATH_SEARCH_PATHS = "$(inherited) @executable_path/Frameworks";
				New_Setting = "";
				PRODUCT_BUNDLE_IDENTIFIER = Tutorial.MockUP;
				PRODUCT_NAME = "$(TARGET_NAME)";
			};
			name = Debug;
		};
		98AC58451C57DF260098ACEF /* Release */ = {
			isa = XCBuildConfiguration;
			buildSettings = {
				ASSETCATALOG_COMPILER_APPICON_NAME = AppIcon;
				FRAMEWORK_SEARCH_PATHS = (
					"$(inherited)",
					"$(PROJECT_DIR)",
				);
				INFOPLIST_FILE = MockUP/Info.plist;
				LD_RUNPATH_SEARCH_PATHS = "$(inherited) @executable_path/Frameworks";
				New_Setting = "";
				PRODUCT_BUNDLE_IDENTIFIER = Tutorial.MockUP;
				PRODUCT_NAME = "$(TARGET_NAME)";
			};
			name = Release;
		};
		98AC58471C57DF260098ACEF /* Debug */ = {
			isa = XCBuildConfiguration;
			buildSettings = {
				BUNDLE_LOADER = "$(TEST_HOST)";
				INFOPLIST_FILE = MockUPTests/Info.plist;
				LD_RUNPATH_SEARCH_PATHS = "$(inherited) @executable_path/Frameworks @loader_path/Frameworks";
				PRODUCT_BUNDLE_IDENTIFIER = Tutorial.MockUPTests;
				PRODUCT_NAME = "$(TARGET_NAME)";
				TEST_HOST = "$(BUILT_PRODUCTS_DIR)/MockUP.app/MockUP";
			};
			name = Debug;
		};
		98AC58481C57DF260098ACEF /* Release */ = {
			isa = XCBuildConfiguration;
			buildSettings = {
				BUNDLE_LOADER = "$(TEST_HOST)";
				INFOPLIST_FILE = MockUPTests/Info.plist;
				LD_RUNPATH_SEARCH_PATHS = "$(inherited) @executable_path/Frameworks @loader_path/Frameworks";
				PRODUCT_BUNDLE_IDENTIFIER = Tutorial.MockUPTests;
				PRODUCT_NAME = "$(TARGET_NAME)";
				TEST_HOST = "$(BUILT_PRODUCTS_DIR)/MockUP.app/MockUP";
			};
			name = Release;
		};
		98AC584A1C57DF260098ACEF /* Debug */ = {
			isa = XCBuildConfiguration;
			buildSettings = {
				INFOPLIST_FILE = MockUPUITests/Info.plist;
				LD_RUNPATH_SEARCH_PATHS = "$(inherited) @executable_path/Frameworks @loader_path/Frameworks";
				PRODUCT_BUNDLE_IDENTIFIER = Tutorial.MockUPUITests;
				PRODUCT_NAME = "$(TARGET_NAME)";
				TEST_TARGET_NAME = MockUP;
				USES_XCTRUNNER = YES;
			};
			name = Debug;
		};
		98AC584B1C57DF260098ACEF /* Release */ = {
			isa = XCBuildConfiguration;
			buildSettings = {
				INFOPLIST_FILE = MockUPUITests/Info.plist;
				LD_RUNPATH_SEARCH_PATHS = "$(inherited) @executable_path/Frameworks @loader_path/Frameworks";
				PRODUCT_BUNDLE_IDENTIFIER = Tutorial.MockUPUITests;
				PRODUCT_NAME = "$(TARGET_NAME)";
				TEST_TARGET_NAME = MockUP;
				USES_XCTRUNNER = YES;
			};
			name = Release;
		};
/* End XCBuildConfiguration section */

/* Begin XCConfigurationList section */
		98AC58161C57DF240098ACEF /* Build configuration list for PBXProject "MockUP" */ = {
			isa = XCConfigurationList;
			buildConfigurations = (
				98AC58411C57DF260098ACEF /* Debug */,
				98AC58421C57DF260098ACEF /* Release */,
			);
			defaultConfigurationIsVisible = 0;
			defaultConfigurationName = Release;
		};
		98AC58431C57DF260098ACEF /* Build configuration list for PBXNativeTarget "MockUP" */ = {
			isa = XCConfigurationList;
			buildConfigurations = (
				98AC58441C57DF260098ACEF /* Debug */,
				98AC58451C57DF260098ACEF /* Release */,
			);
			defaultConfigurationIsVisible = 0;
			defaultConfigurationName = Release;
		};
		98AC58461C57DF260098ACEF /* Build configuration list for PBXNativeTarget "MockUPTests" */ = {
			isa = XCConfigurationList;
			buildConfigurations = (
				98AC58471C57DF260098ACEF /* Debug */,
				98AC58481C57DF260098ACEF /* Release */,
			);
			defaultConfigurationIsVisible = 0;
			defaultConfigurationName = Release;
		};
		98AC58491C57DF260098ACEF /* Build configuration list for PBXNativeTarget "MockUPUITests" */ = {
			isa = XCConfigurationList;
			buildConfigurations = (
				98AC584A1C57DF260098ACEF /* Debug */,
				98AC584B1C57DF260098ACEF /* Release */,
			);
			defaultConfigurationIsVisible = 0;
			defaultConfigurationName = Release;
		};
/* End XCConfigurationList section */
	};
	rootObject = 98AC58131C57DF240098ACEF /* Project object */;
}
