// !$*UTF8*$!
{
	archiveVersion = 1;
	classes = {
	};
	objectVersion = 46;
	objects = {

/* Begin PBXBuildFile section */
		984765221C440A45001558B5 /* main.m in Sources */ = {isa = PBXBuildFile; fileRef = 984765211C440A45001558B5 /* main.m */; };
		984765251C440A45001558B5 /* AppDelegate.m in Sources */ = {isa = PBXBuildFile; fileRef = 984765241C440A45001558B5 /* AppDelegate.m */; };
		984765281C440A45001558B5 /* ViewController.m in Sources */ = {isa = PBXBuildFile; fileRef = 984765271C440A45001558B5 /* ViewController.m */; };
		9847652B1C440A45001558B5 /* Main.storyboard in Resources */ = {isa = PBXBuildFile; fileRef = 984765291C440A45001558B5 /* Main.storyboard */; };
		9847652D1C440A45001558B5 /* Assets.xcassets in Resources */ = {isa = PBXBuildFile; fileRef = 9847652C1C440A45001558B5 /* Assets.xcassets */; };
		984765301C440A45001558B5 /* LaunchScreen.storyboard in Resources */ = {isa = PBXBuildFile; fileRef = 9847652E1C440A45001558B5 /* LaunchScreen.storyboard */; };
		9847653B1C440A45001558B5 /* UdemyTests.m in Sources */ = {isa = PBXBuildFile; fileRef = 9847653A1C440A45001558B5 /* UdemyTests.m */; };
		984765461C440A45001558B5 /* UdemyUITests.m in Sources */ = {isa = PBXBuildFile; fileRef = 984765451C440A45001558B5 /* UdemyUITests.m */; };
/* End PBXBuildFile section */

/* Begin PBXContainerItemProxy section */
		984765371C440A45001558B5 /* PBXContainerItemProxy */ = {
			isa = PBXContainerItemProxy;
			containerPortal = 984765151C440A45001558B5 /* Project object */;
			proxyType = 1;
			remoteGlobalIDString = 9847651C1C440A45001558B5;
			remoteInfo = Udemy;
		};
		984765421C440A45001558B5 /* PBXContainerItemProxy */ = {
			isa = PBXContainerItemProxy;
			containerPortal = 984765151C440A45001558B5 /* Project object */;
			proxyType = 1;
			remoteGlobalIDString = 9847651C1C440A45001558B5;
			remoteInfo = Udemy;
		};
/* End PBXContainerItemProxy section */

/* Begin PBXFileReference section */
		9847651D1C440A45001558B5 /* Udemy.app */ = {isa = PBXFileReference; explicitFileType = wrapper.application; includeInIndex = 0; path = Udemy.app; sourceTree = BUILT_PRODUCTS_DIR; };
		984765211C440A45001558B5 /* main.m */ = {isa = PBXFileReference; lastKnownFileType = sourcecode.c.objc; path = main.m; sourceTree = "<group>"; };
		984765231C440A45001558B5 /* AppDelegate.h */ = {isa = PBXFileReference; lastKnownFileType = sourcecode.c.h; path = AppDelegate.h; sourceTree = "<group>"; };
		984765241C440A45001558B5 /* AppDelegate.m */ = {isa = PBXFileReference; lastKnownFileType = sourcecode.c.objc; path = AppDelegate.m; sourceTree = "<group>"; };
		984765261C440A45001558B5 /* ViewController.h */ = {isa = PBXFileReference; lastKnownFileType = sourcecode.c.h; path = ViewController.h; sourceTree = "<group>"; };
		984765271C440A45001558B5 /* ViewController.m */ = {isa = PBXFileReference; lastKnownFileType = sourcecode.c.objc; path = ViewController.m; sourceTree = "<group>"; };
		9847652A1C440A45001558B5 /* Base */ = {isa = PBXFileReference; lastKnownFileType = file.storyboard; name = Base; path = Base.lproj/Main.storyboard; sourceTree = "<group>"; };
		9847652C1C440A45001558B5 /* Assets.xcassets */ = {isa = PBXFileReference; lastKnownFileType = folder.assetcatalog; path = Assets.xcassets; sourceTree = "<group>"; };
		9847652F1C440A45001558B5 /* Base */ = {isa = PBXFileReference; lastKnownFileType = file.storyboard; name = Base; path = Base.lproj/LaunchScreen.storyboard; sourceTree = "<group>"; };
		984765311C440A45001558B5 /* Info.plist */ = {isa = PBXFileReference; lastKnownFileType = text.plist.xml; path = Info.plist; sourceTree = "<group>"; };
		984765361C440A45001558B5 /* UdemyTests.xctest */ = {isa = PBXFileReference; explicitFileType = wrapper.cfbundle; includeInIndex = 0; path = UdemyTests.xctest; sourceTree = BUILT_PRODUCTS_DIR; };
		9847653A1C440A45001558B5 /* UdemyTests.m */ = {isa = PBXFileReference; lastKnownFileType = sourcecode.c.objc; path = UdemyTests.m; sourceTree = "<group>"; };
		9847653C1C440A45001558B5 /* Info.plist */ = {isa = PBXFileReference; lastKnownFileType = text.plist.xml; path = Info.plist; sourceTree = "<group>"; };
		984765411C440A45001558B5 /* UdemyUITests.xctest */ = {isa = PBXFileReference; explicitFileType = wrapper.cfbundle; includeInIndex = 0; path = UdemyUITests.xctest; sourceTree = BUILT_PRODUCTS_DIR; };
		984765451C440A45001558B5 /* UdemyUITests.m */ = {isa = PBXFileReference; lastKnownFileType = sourcecode.c.objc; path = UdemyUITests.m; sourceTree = "<group>"; };
		984765471C440A45001558B5 /* Info.plist */ = {isa = PBXFileReference; lastKnownFileType = text.plist.xml; path = Info.plist; sourceTree = "<group>"; };
/* End PBXFileReference section */

/* Begin PBXFrameworksBuildPhase section */
		9847651A1C440A45001558B5 /* Frameworks */ = {
			isa = PBXFrameworksBuildPhase;
			buildActionMask = 2147483647;
			files = (
			);
			runOnlyForDeploymentPostprocessing = 0;
		};
		984765331C440A45001558B5 /* Frameworks */ = {
			isa = PBXFrameworksBuildPhase;
			buildActionMask = 2147483647;
			files = (
			);
			runOnlyForDeploymentPostprocessing = 0;
		};
		9847653E1C440A45001558B5 /* Frameworks */ = {
			isa = PBXFrameworksBuildPhase;
			buildActionMask = 2147483647;
			files = (
			);
			runOnlyForDeploymentPostprocessing = 0;
		};
/* End PBXFrameworksBuildPhase section */

/* Begin PBXGroup section */
		984765141C440A45001558B5 = {
			isa = PBXGroup;
			children = (
				9847651F1C440A45001558B5 /* Udemy */,
				984765391C440A45001558B5 /* UdemyTests */,
				984765441C440A45001558B5 /* UdemyUITests */,
				9847651E1C440A45001558B5 /* Products */,
			);
			sourceTree = "<group>";
		};
		9847651E1C440A45001558B5 /* Products */ = {
			isa = PBXGroup;
			children = (
				9847651D1C440A45001558B5 /* Udemy.app */,
				984765361C440A45001558B5 /* UdemyTests.xctest */,
				984765411C440A45001558B5 /* UdemyUITests.xctest */,
			);
			name = Products;
			sourceTree = "<group>";
		};
		9847651F1C440A45001558B5 /* Udemy */ = {
			isa = PBXGroup;
			children = (
				984765231C440A45001558B5 /* AppDelegate.h */,
				984765241C440A45001558B5 /* AppDelegate.m */,
				984765261C440A45001558B5 /* ViewController.h */,
				984765271C440A45001558B5 /* ViewController.m */,
				984765291C440A45001558B5 /* Main.storyboard */,
				9847652C1C440A45001558B5 /* Assets.xcassets */,
				9847652E1C440A45001558B5 /* LaunchScreen.storyboard */,
				984765311C440A45001558B5 /* Info.plist */,
				984765201C440A45001558B5 /* Supporting Files */,
			);
			path = Udemy;
			sourceTree = "<group>";
		};
		984765201C440A45001558B5 /* Supporting Files */ = {
			isa = PBXGroup;
			children = (
				984765211C440A45001558B5 /* main.m */,
			);
			name = "Supporting Files";
			sourceTree = "<group>";
		};
		984765391C440A45001558B5 /* UdemyTests */ = {
			isa = PBXGroup;
			children = (
				9847653A1C440A45001558B5 /* UdemyTests.m */,
				9847653C1C440A45001558B5 /* Info.plist */,
			);
			path = UdemyTests;
			sourceTree = "<group>";
		};
		984765441C440A45001558B5 /* UdemyUITests */ = {
			isa = PBXGroup;
			children = (
				984765451C440A45001558B5 /* UdemyUITests.m */,
				984765471C440A45001558B5 /* Info.plist */,
			);
			path = UdemyUITests;
			sourceTree = "<group>";
		};
/* End PBXGroup section */

/* Begin PBXNativeTarget section */
		9847651C1C440A45001558B5 /* Udemy */ = {
			isa = PBXNativeTarget;
			buildConfigurationList = 9847654A1C440A45001558B5 /* Build configuration list for PBXNativeTarget "Udemy" */;
			buildPhases = (
				984765191C440A45001558B5 /* Sources */,
				9847651A1C440A45001558B5 /* Frameworks */,
				9847651B1C440A45001558B5 /* Resources */,
			);
			buildRules = (
			);
			dependencies = (
			);
			name = Udemy;
			productName = Udemy;
			productReference = 9847651D1C440A45001558B5 /* Udemy.app */;
			productType = "com.apple.product-type.application";
		};
		984765351C440A45001558B5 /* UdemyTests */ = {
			isa = PBXNativeTarget;
			buildConfigurationList = 9847654D1C440A45001558B5 /* Build configuration list for PBXNativeTarget "UdemyTests" */;
			buildPhases = (
				984765321C440A45001558B5 /* Sources */,
				984765331C440A45001558B5 /* Frameworks */,
				984765341C440A45001558B5 /* Resources */,
			);
			buildRules = (
			);
			dependencies = (
				984765381C440A45001558B5 /* PBXTargetDependency */,
			);
			name = UdemyTests;
			productName = UdemyTests;
			productReference = 984765361C440A45001558B5 /* UdemyTests.xctest */;
			productType = "com.apple.product-type.bundle.unit-test";
		};
		984765401C440A45001558B5 /* UdemyUITests */ = {
			isa = PBXNativeTarget;
			buildConfigurationList = 984765501C440A45001558B5 /* Build configuration list for PBXNativeTarget "UdemyUITests" */;
			buildPhases = (
				9847653D1C440A45001558B5 /* Sources */,
				9847653E1C440A45001558B5 /* Frameworks */,
				9847653F1C440A45001558B5 /* Resources */,
			);
			buildRules = (
			);
			dependencies = (
				984765431C440A45001558B5 /* PBXTargetDependency */,
			);
			name = UdemyUITests;
			productName = UdemyUITests;
			productReference = 984765411C440A45001558B5 /* UdemyUITests.xctest */;
			productType = "com.apple.product-type.bundle.ui-testing";
		};
/* End PBXNativeTarget section */

/* Begin PBXProject section */
		984765151C440A45001558B5 /* Project object */ = {
			isa = PBXProject;
			attributes = {
				LastUpgradeCheck = 0700;
				ORGANIZATIONNAME = "Ho Jeannie";
				TargetAttributes = {
					9847651C1C440A45001558B5 = {
						CreatedOnToolsVersion = 7.0;
					};
					984765351C440A45001558B5 = {
						CreatedOnToolsVersion = 7.0;
						TestTargetID = 9847651C1C440A45001558B5;
					};
					984765401C440A45001558B5 = {
						CreatedOnToolsVersion = 7.0;
						TestTargetID = 9847651C1C440A45001558B5;
					};
				};
			};
			buildConfigurationList = 984765181C440A45001558B5 /* Build configuration list for PBXProject "Udemy" */;
			compatibilityVersion = "Xcode 3.2";
			developmentRegion = English;
			hasScannedForEncodings = 0;
			knownRegions = (
				en,
				Base,
			);
			mainGroup = 984765141C440A45001558B5;
			productRefGroup = 9847651E1C440A45001558B5 /* Products */;
			projectDirPath = "";
			projectRoot = "";
			targets = (
				9847651C1C440A45001558B5 /* Udemy */,
				984765351C440A45001558B5 /* UdemyTests */,
				984765401C440A45001558B5 /* UdemyUITests */,
			);
		};
/* End PBXProject section */

/* Begin PBXResourcesBuildPhase section */
		9847651B1C440A45001558B5 /* Resources */ = {
			isa = PBXResourcesBuildPhase;
			buildActionMask = 2147483647;
			files = (
				984765301C440A45001558B5 /* LaunchScreen.storyboard in Resources */,
				9847652D1C440A45001558B5 /* Assets.xcassets in Resources */,
				9847652B1C440A45001558B5 /* Main.storyboard in Resources */,
			);
			runOnlyForDeploymentPostprocessing = 0;
		};
		984765341C440A45001558B5 /* Resources */ = {
			isa = PBXResourcesBuildPhase;
			buildActionMask = 2147483647;
			files = (
			);
			runOnlyForDeploymentPostprocessing = 0;
		};
		9847653F1C440A45001558B5 /* Resources */ = {
			isa = PBXResourcesBuildPhase;
			buildActionMask = 2147483647;
			files = (
			);
			runOnlyForDeploymentPostprocessing = 0;
		};
/* End PBXResourcesBuildPhase section */

/* Begin PBXSourcesBuildPhase section */
		984765191C440A45001558B5 /* Sources */ = {
			isa = PBXSourcesBuildPhase;
			buildActionMask = 2147483647;
			files = (
				984765281C440A45001558B5 /* ViewController.m in Sources */,
				984765251C440A45001558B5 /* AppDelegate.m in Sources */,
				984765221C440A45001558B5 /* main.m in Sources */,
			);
			runOnlyForDeploymentPostprocessing = 0;
		};
		984765321C440A45001558B5 /* Sources */ = {
			isa = PBXSourcesBuildPhase;
			buildActionMask = 2147483647;
			files = (
				9847653B1C440A45001558B5 /* UdemyTests.m in Sources */,
			);
			runOnlyForDeploymentPostprocessing = 0;
		};
		9847653D1C440A45001558B5 /* Sources */ = {
			isa = PBXSourcesBuildPhase;
			buildActionMask = 2147483647;
			files = (
				984765461C440A45001558B5 /* UdemyUITests.m in Sources */,
			);
			runOnlyForDeploymentPostprocessing = 0;
		};
/* End PBXSourcesBuildPhase section */

/* Begin PBXTargetDependency section */
		984765381C440A45001558B5 /* PBXTargetDependency */ = {
			isa = PBXTargetDependency;
			target = 9847651C1C440A45001558B5 /* Udemy */;
			targetProxy = 984765371C440A45001558B5 /* PBXContainerItemProxy */;
		};
		984765431C440A45001558B5 /* PBXTargetDependency */ = {
			isa = PBXTargetDependency;
			target = 9847651C1C440A45001558B5 /* Udemy */;
			targetProxy = 984765421C440A45001558B5 /* PBXContainerItemProxy */;
		};
/* End PBXTargetDependency section */

/* Begin PBXVariantGroup section */
		984765291C440A45001558B5 /* Main.storyboard */ = {
			isa = PBXVariantGroup;
			children = (
				9847652A1C440A45001558B5 /* Base */,
			);
			name = Main.storyboard;
			sourceTree = "<group>";
		};
		9847652E1C440A45001558B5 /* LaunchScreen.storyboard */ = {
			isa = PBXVariantGroup;
			children = (
				9847652F1C440A45001558B5 /* Base */,
			);
			name = LaunchScreen.storyboard;
			sourceTree = "<group>";
		};
/* End PBXVariantGroup section */

/* Begin XCBuildConfiguration section */
		984765481C440A45001558B5 /* Debug */ = {
			isa = XCBuildConfiguration;
			buildSettings = {
				ALWAYS_SEARCH_USER_PATHS = NO;
				CLANG_CXX_LANGUAGE_STANDARD = "gnu++0x";
				CLANG_CXX_LIBRARY = "libc++";
				CLANG_ENABLE_MODULES = YES;
				CLANG_ENABLE_OBJC_ARC = YES;
				CLANG_WARN_BOOL_CONVERSION = YES;
				CLANG_WARN_CONSTANT_CONVERSION = YES;
				CLANG_WARN_DIRECT_OBJC_ISA_USAGE = YES_ERROR;
				CLANG_WARN_EMPTY_BODY = YES;
				CLANG_WARN_ENUM_CONVERSION = YES;
				CLANG_WARN_INT_CONVERSION = YES;
				CLANG_WARN_OBJC_ROOT_CLASS = YES_ERROR;
				CLANG_WARN_UNREACHABLE_CODE = YES;
				CLANG_WARN__DUPLICATE_METHOD_MATCH = YES;
				"CODE_SIGN_IDENTITY[sdk=iphoneos*]" = "iPhone Developer";
				COPY_PHASE_STRIP = NO;
				DEBUG_INFORMATION_FORMAT = dwarf;
				ENABLE_STRICT_OBJC_MSGSEND = YES;
				ENABLE_TESTABILITY = YES;
				GCC_C_LANGUAGE_STANDARD = gnu99;
				GCC_DYNAMIC_NO_PIC = NO;
				GCC_NO_COMMON_BLOCKS = YES;
				GCC_OPTIMIZATION_LEVEL = 0;
				GCC_PREPROCESSOR_DEFINITIONS = (
					"DEBUG=1",
					"$(inherited)",
				);
				GCC_WARN_64_TO_32_BIT_CONVERSION = YES;
				GCC_WARN_ABOUT_RETURN_TYPE = YES_ERROR;
				GCC_WARN_UNDECLARED_SELECTOR = YES;
				GCC_WARN_UNINITIALIZED_AUTOS = YES_AGGRESSIVE;
				GCC_WARN_UNUSED_FUNCTION = YES;
				GCC_WARN_UNUSED_VARIABLE = YES;
				IPHONEOS_DEPLOYMENT_TARGET = 9.0;
				MTL_ENABLE_DEBUG_INFO = YES;
				ONLY_ACTIVE_ARCH = YES;
				SDKROOT = iphoneos;
				TARGETED_DEVICE_FAMILY = "1,2";
			};
			name = Debug;
		};
		984765491C440A45001558B5 /* Release */ = {
			isa = XCBuildConfiguration;
			buildSettings = {
				ALWAYS_SEARCH_USER_PATHS = NO;
				CLANG_CXX_LANGUAGE_STANDARD = "gnu++0x";
				CLANG_CXX_LIBRARY = "libc++";
				CLANG_ENABLE_MODULES = YES;
				CLANG_ENABLE_OBJC_ARC = YES;
				CLANG_WARN_BOOL_CONVERSION = YES;
				CLANG_WARN_CONSTANT_CONVERSION = YES;
				CLANG_WARN_DIRECT_OBJC_ISA_USAGE = YES_ERROR;
				CLANG_WARN_EMPTY_BODY = YES;
				CLANG_WARN_ENUM_CONVERSION = YES;
				CLANG_WARN_INT_CONVERSION = YES;
				CLANG_WARN_OBJC_ROOT_CLASS = YES_ERROR;
				CLANG_WARN_UNREACHABLE_CODE = YES;
				CLANG_WARN__DUPLICATE_METHOD_MATCH = YES;
				"CODE_SIGN_IDENTITY[sdk=iphoneos*]" = "iPhone Developer";
				COPY_PHASE_STRIP = NO;
				DEBUG_INFORMATION_FORMAT = "dwarf-with-dsym";
				ENABLE_NS_ASSERTIONS = NO;
				ENABLE_STRICT_OBJC_MSGSEND = YES;
				GCC_C_LANGUAGE_STANDARD = gnu99;
				GCC_NO_COMMON_BLOCKS = YES;
				GCC_WARN_64_TO_32_BIT_CONVERSION = YES;
				GCC_WARN_ABOUT_RETURN_TYPE = YES_ERROR;
				GCC_WARN_UNDECLARED_SELECTOR = YES;
				GCC_WARN_UNINITIALIZED_AUTOS = YES_AGGRESSIVE;
				GCC_WARN_UNUSED_FUNCTION = YES;
				GCC_WARN_UNUSED_VARIABLE = YES;
				IPHONEOS_DEPLOYMENT_TARGET = 9.0;
				MTL_ENABLE_DEBUG_INFO = NO;
				SDKROOT = iphoneos;
				TARGETED_DEVICE_FAMILY = "1,2";
				VALIDATE_PRODUCT = YES;
			};
			name = Release;
		};
		9847654B1C440A45001558B5 /* Debug */ = {
			isa = XCBuildConfiguration;
			buildSettings = {
				ASSETCATALOG_COMPILER_APPICON_NAME = AppIcon;
				INFOPLIST_FILE = Udemy/Info.plist;
				LD_RUNPATH_SEARCH_PATHS = "$(inherited) @executable_path/Frameworks";
				PRODUCT_BUNDLE_IDENTIFIER = Tutorial.Udemy;
				PRODUCT_NAME = "$(TARGET_NAME)";
			};
			name = Debug;
		};
		9847654C1C440A45001558B5 /* Release */ = {
			isa = XCBuildConfiguration;
			buildSettings = {
				ASSETCATALOG_COMPILER_APPICON_NAME = AppIcon;
				INFOPLIST_FILE = Udemy/Info.plist;
				LD_RUNPATH_SEARCH_PATHS = "$(inherited) @executable_path/Frameworks";
				PRODUCT_BUNDLE_IDENTIFIER = Tutorial.Udemy;
				PRODUCT_NAME = "$(TARGET_NAME)";
			};
			name = Release;
		};
		9847654E1C440A45001558B5 /* Debug */ = {
			isa = XCBuildConfiguration;
			buildSettings = {
				BUNDLE_LOADER = "$(TEST_HOST)";
				INFOPLIST_FILE = UdemyTests/Info.plist;
				LD_RUNPATH_SEARCH_PATHS = "$(inherited) @executable_path/Frameworks @loader_path/Frameworks";
				PRODUCT_BUNDLE_IDENTIFIER = Tutorial.UdemyTests;
				PRODUCT_NAME = "$(TARGET_NAME)";
				TEST_HOST = "$(BUILT_PRODUCTS_DIR)/Udemy.app/Udemy";
			};
			name = Debug;
		};
		9847654F1C440A45001558B5 /* Release */ = {
			isa = XCBuildConfiguration;
			buildSettings = {
				BUNDLE_LOADER = "$(TEST_HOST)";
				INFOPLIST_FILE = UdemyTests/Info.plist;
				LD_RUNPATH_SEARCH_PATHS = "$(inherited) @executable_path/Frameworks @loader_path/Frameworks";
				PRODUCT_BUNDLE_IDENTIFIER = Tutorial.UdemyTests;
				PRODUCT_NAME = "$(TARGET_NAME)";
				TEST_HOST = "$(BUILT_PRODUCTS_DIR)/Udemy.app/Udemy";
			};
			name = Release;
		};
		984765511C440A45001558B5 /* Debug */ = {
			isa = XCBuildConfiguration;
			buildSettings = {
				INFOPLIST_FILE = UdemyUITests/Info.plist;
				LD_RUNPATH_SEARCH_PATHS = "$(inherited) @executable_path/Frameworks @loader_path/Frameworks";
				PRODUCT_BUNDLE_IDENTIFIER = Tutorial.UdemyUITests;
				PRODUCT_NAME = "$(TARGET_NAME)";
				TEST_TARGET_NAME = Udemy;
				USES_XCTRUNNER = YES;
			};
			name = Debug;
		};
		984765521C440A45001558B5 /* Release */ = {
			isa = XCBuildConfiguration;
			buildSettings = {
				INFOPLIST_FILE = UdemyUITests/Info.plist;
				LD_RUNPATH_SEARCH_PATHS = "$(inherited) @executable_path/Frameworks @loader_path/Frameworks";
				PRODUCT_BUNDLE_IDENTIFIER = Tutorial.UdemyUITests;
				PRODUCT_NAME = "$(TARGET_NAME)";
				TEST_TARGET_NAME = Udemy;
				USES_XCTRUNNER = YES;
			};
			name = Release;
		};
/* End XCBuildConfiguration section */

/* Begin XCConfigurationList section */
		984765181C440A45001558B5 /* Build configuration list for PBXProject "Udemy" */ = {
			isa = XCConfigurationList;
			buildConfigurations = (
				984765481C440A45001558B5 /* Debug */,
				984765491C440A45001558B5 /* Release */,
			);
			defaultConfigurationIsVisible = 0;
			defaultConfigurationName = Release;
		};
		9847654A1C440A45001558B5 /* Build configuration list for PBXNativeTarget "Udemy" */ = {
			isa = XCConfigurationList;
			buildConfigurations = (
				9847654B1C440A45001558B5 /* Debug */,
				9847654C1C440A45001558B5 /* Release */,
			);
			defaultConfigurationIsVisible = 0;
		};
		9847654D1C440A45001558B5 /* Build configuration list for PBXNativeTarget "UdemyTests" */ = {
			isa = XCConfigurationList;
			buildConfigurations = (
				9847654E1C440A45001558B5 /* Debug */,
				9847654F1C440A45001558B5 /* Release */,
			);
			defaultConfigurationIsVisible = 0;
		};
		984765501C440A45001558B5 /* Build configuration list for PBXNativeTarget "UdemyUITests" */ = {
			isa = XCConfigurationList;
			buildConfigurations = (
				984765511C440A45001558B5 /* Debug */,
				984765521C440A45001558B5 /* Release */,
			);
			defaultConfigurationIsVisible = 0;
		};
/* End XCConfigurationList section */
	};
	rootObject = 984765151C440A45001558B5 /* Project object */;
}
