// !$*UTF8*$!
{
	archiveVersion = 1;
	classes = {
	};
	objectVersion = 46;
	objects = {

/* Begin PBXBuildFile section */
		989739D01C4C3EEE0064EE98 /* AppDelegate.swift in Sources */ = {isa = PBXBuildFile; fileRef = 989739CF1C4C3EEE0064EE98 /* AppDelegate.swift */; };
		989739D21C4C3EEE0064EE98 /* ViewController.swift in Sources */ = {isa = PBXBuildFile; fileRef = 989739D11C4C3EEE0064EE98 /* ViewController.swift */; };
		989739D51C4C3EEE0064EE98 /* Main.storyboard in Resources */ = {isa = PBXBuildFile; fileRef = 989739D31C4C3EEE0064EE98 /* Main.storyboard */; };
		989739D71C4C3EEE0064EE98 /* Assets.xcassets in Resources */ = {isa = PBXBuildFile; fileRef = 989739D61C4C3EEE0064EE98 /* Assets.xcassets */; };
		989739DA1C4C3EEE0064EE98 /* LaunchScreen.storyboard in Resources */ = {isa = PBXBuildFile; fileRef = 989739D81C4C3EEE0064EE98 /* LaunchScreen.storyboard */; };
		989739E51C4C3EEF0064EE98 /* Dynamics_DemoTests.swift in Sources */ = {isa = PBXBuildFile; fileRef = 989739E41C4C3EEF0064EE98 /* Dynamics_DemoTests.swift */; };
		989739F01C4C3EEF0064EE98 /* Dynamics_DemoUITests.swift in Sources */ = {isa = PBXBuildFile; fileRef = 989739EF1C4C3EEF0064EE98 /* Dynamics_DemoUITests.swift */; };
/* End PBXBuildFile section */

/* Begin PBXContainerItemProxy section */
		989739E11C4C3EEF0064EE98 /* PBXContainerItemProxy */ = {
			isa = PBXContainerItemProxy;
			containerPortal = 989739C41C4C3EEE0064EE98 /* Project object */;
			proxyType = 1;
			remoteGlobalIDString = 989739CB1C4C3EEE0064EE98;
			remoteInfo = "Dynamics Demo";
		};
		989739EC1C4C3EEF0064EE98 /* PBXContainerItemProxy */ = {
			isa = PBXContainerItemProxy;
			containerPortal = 989739C41C4C3EEE0064EE98 /* Project object */;
			proxyType = 1;
			remoteGlobalIDString = 989739CB1C4C3EEE0064EE98;
			remoteInfo = "Dynamics Demo";
		};
/* End PBXContainerItemProxy section */

/* Begin PBXFileReference section */
		989739CC1C4C3EEE0064EE98 /* Dynamics Demo.app */ = {isa = PBXFileReference; explicitFileType = wrapper.application; includeInIndex = 0; path = "Dynamics Demo.app"; sourceTree = BUILT_PRODUCTS_DIR; };
		989739CF1C4C3EEE0064EE98 /* AppDelegate.swift */ = {isa = PBXFileReference; lastKnownFileType = sourcecode.swift; path = AppDelegate.swift; sourceTree = "<group>"; };
		989739D11C4C3EEE0064EE98 /* ViewController.swift */ = {isa = PBXFileReference; lastKnownFileType = sourcecode.swift; path = ViewController.swift; sourceTree = "<group>"; };
		989739D41C4C3EEE0064EE98 /* Base */ = {isa = PBXFileReference; lastKnownFileType = file.storyboard; name = Base; path = Base.lproj/Main.storyboard; sourceTree = "<group>"; };
		989739D61C4C3EEE0064EE98 /* Assets.xcassets */ = {isa = PBXFileReference; lastKnownFileType = folder.assetcatalog; path = Assets.xcassets; sourceTree = "<group>"; };
		989739D91C4C3EEE0064EE98 /* Base */ = {isa = PBXFileReference; lastKnownFileType = file.storyboard; name = Base; path = Base.lproj/LaunchScreen.storyboard; sourceTree = "<group>"; };
		989739DB1C4C3EEE0064EE98 /* Info.plist */ = {isa = PBXFileReference; lastKnownFileType = text.plist.xml; path = Info.plist; sourceTree = "<group>"; };
		989739E01C4C3EEF0064EE98 /* Dynamics DemoTests.xctest */ = {isa = PBXFileReference; explicitFileType = wrapper.cfbundle; includeInIndex = 0; path = "Dynamics DemoTests.xctest"; sourceTree = BUILT_PRODUCTS_DIR; };
		989739E41C4C3EEF0064EE98 /* Dynamics_DemoTests.swift */ = {isa = PBXFileReference; lastKnownFileType = sourcecode.swift; path = Dynamics_DemoTests.swift; sourceTree = "<group>"; };
		989739E61C4C3EEF0064EE98 /* Info.plist */ = {isa = PBXFileReference; lastKnownFileType = text.plist.xml; path = Info.plist; sourceTree = "<group>"; };
		989739EB1C4C3EEF0064EE98 /* Dynamics DemoUITests.xctest */ = {isa = PBXFileReference; explicitFileType = wrapper.cfbundle; includeInIndex = 0; path = "Dynamics DemoUITests.xctest"; sourceTree = BUILT_PRODUCTS_DIR; };
		989739EF1C4C3EEF0064EE98 /* Dynamics_DemoUITests.swift */ = {isa = PBXFileReference; lastKnownFileType = sourcecode.swift; path = Dynamics_DemoUITests.swift; sourceTree = "<group>"; };
		989739F11C4C3EEF0064EE98 /* Info.plist */ = {isa = PBXFileReference; lastKnownFileType = text.plist.xml; path = Info.plist; sourceTree = "<group>"; };
/* End PBXFileReference section */

/* Begin PBXFrameworksBuildPhase section */
		989739C91C4C3EEE0064EE98 /* Frameworks */ = {
			isa = PBXFrameworksBuildPhase;
			buildActionMask = 2147483647;
			files = (
			);
			runOnlyForDeploymentPostprocessing = 0;
		};
		989739DD1C4C3EEF0064EE98 /* Frameworks */ = {
			isa = PBXFrameworksBuildPhase;
			buildActionMask = 2147483647;
			files = (
			);
			runOnlyForDeploymentPostprocessing = 0;
		};
		989739E81C4C3EEF0064EE98 /* Frameworks */ = {
			isa = PBXFrameworksBuildPhase;
			buildActionMask = 2147483647;
			files = (
			);
			runOnlyForDeploymentPostprocessing = 0;
		};
/* End PBXFrameworksBuildPhase section */

/* Begin PBXGroup section */
		989739C31C4C3EEE0064EE98 = {
			isa = PBXGroup;
			children = (
				989739CE1C4C3EEE0064EE98 /* Dynamics Demo */,
				989739E31C4C3EEF0064EE98 /* Dynamics DemoTests */,
				989739EE1C4C3EEF0064EE98 /* Dynamics DemoUITests */,
				989739CD1C4C3EEE0064EE98 /* Products */,
			);
			sourceTree = "<group>";
		};
		989739CD1C4C3EEE0064EE98 /* Products */ = {
			isa = PBXGroup;
			children = (
				989739CC1C4C3EEE0064EE98 /* Dynamics Demo.app */,
				989739E01C4C3EEF0064EE98 /* Dynamics DemoTests.xctest */,
				989739EB1C4C3EEF0064EE98 /* Dynamics DemoUITests.xctest */,
			);
			name = Products;
			sourceTree = "<group>";
		};
		989739CE1C4C3EEE0064EE98 /* Dynamics Demo */ = {
			isa = PBXGroup;
			children = (
				989739CF1C4C3EEE0064EE98 /* AppDelegate.swift */,
				989739D11C4C3EEE0064EE98 /* ViewController.swift */,
				989739D31C4C3EEE0064EE98 /* Main.storyboard */,
				989739D61C4C3EEE0064EE98 /* Assets.xcassets */,
				989739D81C4C3EEE0064EE98 /* LaunchScreen.storyboard */,
				989739DB1C4C3EEE0064EE98 /* Info.plist */,
			);
			path = "Dynamics Demo";
			sourceTree = "<group>";
		};
		989739E31C4C3EEF0064EE98 /* Dynamics DemoTests */ = {
			isa = PBXGroup;
			children = (
				989739E41C4C3EEF0064EE98 /* Dynamics_DemoTests.swift */,
				989739E61C4C3EEF0064EE98 /* Info.plist */,
			);
			path = "Dynamics DemoTests";
			sourceTree = "<group>";
		};
		989739EE1C4C3EEF0064EE98 /* Dynamics DemoUITests */ = {
			isa = PBXGroup;
			children = (
				989739EF1C4C3EEF0064EE98 /* Dynamics_DemoUITests.swift */,
				989739F11C4C3EEF0064EE98 /* Info.plist */,
			);
			path = "Dynamics DemoUITests";
			sourceTree = "<group>";
		};
/* End PBXGroup section */

/* Begin PBXNativeTarget section */
		989739CB1C4C3EEE0064EE98 /* Dynamics Demo */ = {
			isa = PBXNativeTarget;
			buildConfigurationList = 989739F41C4C3EEF0064EE98 /* Build configuration list for PBXNativeTarget "Dynamics Demo" */;
			buildPhases = (
				989739C81C4C3EEE0064EE98 /* Sources */,
				989739C91C4C3EEE0064EE98 /* Frameworks */,
				989739CA1C4C3EEE0064EE98 /* Resources */,
			);
			buildRules = (
			);
			dependencies = (
			);
			name = "Dynamics Demo";
			productName = "Dynamics Demo";
			productReference = 989739CC1C4C3EEE0064EE98 /* Dynamics Demo.app */;
			productType = "com.apple.product-type.application";
		};
		989739DF1C4C3EEF0064EE98 /* Dynamics DemoTests */ = {
			isa = PBXNativeTarget;
			buildConfigurationList = 989739F71C4C3EEF0064EE98 /* Build configuration list for PBXNativeTarget "Dynamics DemoTests" */;
			buildPhases = (
				989739DC1C4C3EEF0064EE98 /* Sources */,
				989739DD1C4C3EEF0064EE98 /* Frameworks */,
				989739DE1C4C3EEF0064EE98 /* Resources */,
			);
			buildRules = (
			);
			dependencies = (
				989739E21C4C3EEF0064EE98 /* PBXTargetDependency */,
			);
			name = "Dynamics DemoTests";
			productName = "Dynamics DemoTests";
			productReference = 989739E01C4C3EEF0064EE98 /* Dynamics DemoTests.xctest */;
			productType = "com.apple.product-type.bundle.unit-test";
		};
		989739EA1C4C3EEF0064EE98 /* Dynamics DemoUITests */ = {
			isa = PBXNativeTarget;
			buildConfigurationList = 989739FA1C4C3EEF0064EE98 /* Build configuration list for PBXNativeTarget "Dynamics DemoUITests" */;
			buildPhases = (
				989739E71C4C3EEF0064EE98 /* Sources */,
				989739E81C4C3EEF0064EE98 /* Frameworks */,
				989739E91C4C3EEF0064EE98 /* Resources */,
			);
			buildRules = (
			);
			dependencies = (
				989739ED1C4C3EEF0064EE98 /* PBXTargetDependency */,
			);
			name = "Dynamics DemoUITests";
			productName = "Dynamics DemoUITests";
			productReference = 989739EB1C4C3EEF0064EE98 /* Dynamics DemoUITests.xctest */;
			productType = "com.apple.product-type.bundle.ui-testing";
		};
/* End PBXNativeTarget section */

/* Begin PBXProject section */
		989739C41C4C3EEE0064EE98 /* Project object */ = {
			isa = PBXProject;
			attributes = {
				LastUpgradeCheck = 0700;
				ORGANIZATIONNAME = "Ho Jeannie";
				TargetAttributes = {
					989739CB1C4C3EEE0064EE98 = {
						CreatedOnToolsVersion = 7.0;
					};
					989739DF1C4C3EEF0064EE98 = {
						CreatedOnToolsVersion = 7.0;
						TestTargetID = 989739CB1C4C3EEE0064EE98;
					};
					989739EA1C4C3EEF0064EE98 = {
						CreatedOnToolsVersion = 7.0;
						TestTargetID = 989739CB1C4C3EEE0064EE98;
					};
				};
			};
			buildConfigurationList = 989739C71C4C3EEE0064EE98 /* Build configuration list for PBXProject "Dynamics Demo" */;
			compatibilityVersion = "Xcode 3.2";
			developmentRegion = English;
			hasScannedForEncodings = 0;
			knownRegions = (
				en,
				Base,
			);
			mainGroup = 989739C31C4C3EEE0064EE98;
			productRefGroup = 989739CD1C4C3EEE0064EE98 /* Products */;
			projectDirPath = "";
			projectRoot = "";
			targets = (
				989739CB1C4C3EEE0064EE98 /* Dynamics Demo */,
				989739DF1C4C3EEF0064EE98 /* Dynamics DemoTests */,
				989739EA1C4C3EEF0064EE98 /* Dynamics DemoUITests */,
			);
		};
/* End PBXProject section */

/* Begin PBXResourcesBuildPhase section */
		989739CA1C4C3EEE0064EE98 /* Resources */ = {
			isa = PBXResourcesBuildPhase;
			buildActionMask = 2147483647;
			files = (
				989739DA1C4C3EEE0064EE98 /* LaunchScreen.storyboard in Resources */,
				989739D71C4C3EEE0064EE98 /* Assets.xcassets in Resources */,
				989739D51C4C3EEE0064EE98 /* Main.storyboard in Resources */,
			);
			runOnlyForDeploymentPostprocessing = 0;
		};
		989739DE1C4C3EEF0064EE98 /* Resources */ = {
			isa = PBXResourcesBuildPhase;
			buildActionMask = 2147483647;
			files = (
			);
			runOnlyForDeploymentPostprocessing = 0;
		};
		989739E91C4C3EEF0064EE98 /* Resources */ = {
			isa = PBXResourcesBuildPhase;
			buildActionMask = 2147483647;
			files = (
			);
			runOnlyForDeploymentPostprocessing = 0;
		};
/* End PBXResourcesBuildPhase section */

/* Begin PBXSourcesBuildPhase section */
		989739C81C4C3EEE0064EE98 /* Sources */ = {
			isa = PBXSourcesBuildPhase;
			buildActionMask = 2147483647;
			files = (
				989739D21C4C3EEE0064EE98 /* ViewController.swift in Sources */,
				989739D01C4C3EEE0064EE98 /* AppDelegate.swift in Sources */,
			);
			runOnlyForDeploymentPostprocessing = 0;
		};
		989739DC1C4C3EEF0064EE98 /* Sources */ = {
			isa = PBXSourcesBuildPhase;
			buildActionMask = 2147483647;
			files = (
				989739E51C4C3EEF0064EE98 /* Dynamics_DemoTests.swift in Sources */,
			);
			runOnlyForDeploymentPostprocessing = 0;
		};
		989739E71C4C3EEF0064EE98 /* Sources */ = {
			isa = PBXSourcesBuildPhase;
			buildActionMask = 2147483647;
			files = (
				989739F01C4C3EEF0064EE98 /* Dynamics_DemoUITests.swift in Sources */,
			);
			runOnlyForDeploymentPostprocessing = 0;
		};
/* End PBXSourcesBuildPhase section */

/* Begin PBXTargetDependency section */
		989739E21C4C3EEF0064EE98 /* PBXTargetDependency */ = {
			isa = PBXTargetDependency;
			target = 989739CB1C4C3EEE0064EE98 /* Dynamics Demo */;
			targetProxy = 989739E11C4C3EEF0064EE98 /* PBXContainerItemProxy */;
		};
		989739ED1C4C3EEF0064EE98 /* PBXTargetDependency */ = {
			isa = PBXTargetDependency;
			target = 989739CB1C4C3EEE0064EE98 /* Dynamics Demo */;
			targetProxy = 989739EC1C4C3EEF0064EE98 /* PBXContainerItemProxy */;
		};
/* End PBXTargetDependency section */

/* Begin PBXVariantGroup section */
		989739D31C4C3EEE0064EE98 /* Main.storyboard */ = {
			isa = PBXVariantGroup;
			children = (
				989739D41C4C3EEE0064EE98 /* Base */,
			);
			name = Main.storyboard;
			sourceTree = "<group>";
		};
		989739D81C4C3EEE0064EE98 /* LaunchScreen.storyboard */ = {
			isa = PBXVariantGroup;
			children = (
				989739D91C4C3EEE0064EE98 /* Base */,
			);
			name = LaunchScreen.storyboard;
			sourceTree = "<group>";
		};
/* End PBXVariantGroup section */

/* Begin XCBuildConfiguration section */
		989739F21C4C3EEF0064EE98 /* Debug */ = {
			isa = XCBuildConfiguration;
			buildSettings = {
				ALWAYS_SEARCH_USER_PATHS = NO;
				CLANG_CXX_LANGUAGE_STANDARD = "gnu++0x";
				CLANG_CXX_LIBRARY = "libc++";
				CLANG_ENABLE_MODULES = YES;
				CLANG_ENABLE_OBJC_ARC = YES;
				CLANG_WARN_BOOL_CONVERSION = YES;
				CLANG_WARN_CONSTANT_CONVERSION = YES;
				CLANG_WARN_DIRECT_OBJC_ISA_USAGE = YES_ERROR;
				CLANG_WARN_EMPTY_BODY = YES;
				CLANG_WARN_ENUM_CONVERSION = YES;
				CLANG_WARN_INT_CONVERSION = YES;
				CLANG_WARN_OBJC_ROOT_CLASS = YES_ERROR;
				CLANG_WARN_UNREACHABLE_CODE = YES;
				CLANG_WARN__DUPLICATE_METHOD_MATCH = YES;
				"CODE_SIGN_IDENTITY[sdk=iphoneos*]" = "iPhone Developer";
				COPY_PHASE_STRIP = NO;
				DEBUG_INFORMATION_FORMAT = dwarf;
				ENABLE_STRICT_OBJC_MSGSEND = YES;
				ENABLE_TESTABILITY = YES;
				GCC_C_LANGUAGE_STANDARD = gnu99;
				GCC_DYNAMIC_NO_PIC = NO;
				GCC_NO_COMMON_BLOCKS = YES;
				GCC_OPTIMIZATION_LEVEL = 0;
				GCC_PREPROCESSOR_DEFINITIONS = (
					"DEBUG=1",
					"$(inherited)",
				);
				GCC_WARN_64_TO_32_BIT_CONVERSION = YES;
				GCC_WARN_ABOUT_RETURN_TYPE = YES_ERROR;
				GCC_WARN_UNDECLARED_SELECTOR = YES;
				GCC_WARN_UNINITIALIZED_AUTOS = YES_AGGRESSIVE;
				GCC_WARN_UNUSED_FUNCTION = YES;
				GCC_WARN_UNUSED_VARIABLE = YES;
				IPHONEOS_DEPLOYMENT_TARGET = 9.0;
				MTL_ENABLE_DEBUG_INFO = YES;
				ONLY_ACTIVE_ARCH = YES;
				SDKROOT = iphoneos;
				SWIFT_OPTIMIZATION_LEVEL = "-Onone";
				TARGETED_DEVICE_FAMILY = "1,2";
			};
			name = Debug;
		};
		989739F31C4C3EEF0064EE98 /* Release */ = {
			isa = XCBuildConfiguration;
			buildSettings = {
				ALWAYS_SEARCH_USER_PATHS = NO;
				CLANG_CXX_LANGUAGE_STANDARD = "gnu++0x";
				CLANG_CXX_LIBRARY = "libc++";
				CLANG_ENABLE_MODULES = YES;
				CLANG_ENABLE_OBJC_ARC = YES;
				CLANG_WARN_BOOL_CONVERSION = YES;
				CLANG_WARN_CONSTANT_CONVERSION = YES;
				CLANG_WARN_DIRECT_OBJC_ISA_USAGE = YES_ERROR;
				CLANG_WARN_EMPTY_BODY = YES;
				CLANG_WARN_ENUM_CONVERSION = YES;
				CLANG_WARN_INT_CONVERSION = YES;
				CLANG_WARN_OBJC_ROOT_CLASS = YES_ERROR;
				CLANG_WARN_UNREACHABLE_CODE = YES;
				CLANG_WARN__DUPLICATE_METHOD_MATCH = YES;
				"CODE_SIGN_IDENTITY[sdk=iphoneos*]" = "iPhone Developer";
				COPY_PHASE_STRIP = NO;
				DEBUG_INFORMATION_FORMAT = "dwarf-with-dsym";
				ENABLE_NS_ASSERTIONS = NO;
				ENABLE_STRICT_OBJC_MSGSEND = YES;
				GCC_C_LANGUAGE_STANDARD = gnu99;
				GCC_NO_COMMON_BLOCKS = YES;
				GCC_WARN_64_TO_32_BIT_CONVERSION = YES;
				GCC_WARN_ABOUT_RETURN_TYPE = YES_ERROR;
				GCC_WARN_UNDECLARED_SELECTOR = YES;
				GCC_WARN_UNINITIALIZED_AUTOS = YES_AGGRESSIVE;
				GCC_WARN_UNUSED_FUNCTION = YES;
				GCC_WARN_UNUSED_VARIABLE = YES;
				IPHONEOS_DEPLOYMENT_TARGET = 9.0;
				MTL_ENABLE_DEBUG_INFO = NO;
				SDKROOT = iphoneos;
				TARGETED_DEVICE_FAMILY = "1,2";
				VALIDATE_PRODUCT = YES;
			};
			name = Release;
		};
		989739F51C4C3EEF0064EE98 /* Debug */ = {
			isa = XCBuildConfiguration;
			buildSettings = {
				ASSETCATALOG_COMPILER_APPICON_NAME = AppIcon;
				INFOPLIST_FILE = "Dynamics Demo/Info.plist";
				LD_RUNPATH_SEARCH_PATHS = "$(inherited) @executable_path/Frameworks";
				PRODUCT_BUNDLE_IDENTIFIER = "Tutorial.Dynamics-Demo";
				PRODUCT_NAME = "$(TARGET_NAME)";
			};
			name = Debug;
		};
		989739F61C4C3EEF0064EE98 /* Release */ = {
			isa = XCBuildConfiguration;
			buildSettings = {
				ASSETCATALOG_COMPILER_APPICON_NAME = AppIcon;
				INFOPLIST_FILE = "Dynamics Demo/Info.plist";
				LD_RUNPATH_SEARCH_PATHS = "$(inherited) @executable_path/Frameworks";
				PRODUCT_BUNDLE_IDENTIFIER = "Tutorial.Dynamics-Demo";
				PRODUCT_NAME = "$(TARGET_NAME)";
			};
			name = Release;
		};
		989739F81C4C3EEF0064EE98 /* Debug */ = {
			isa = XCBuildConfiguration;
			buildSettings = {
				BUNDLE_LOADER = "$(TEST_HOST)";
				INFOPLIST_FILE = "Dynamics DemoTests/Info.plist";
				LD_RUNPATH_SEARCH_PATHS = "$(inherited) @executable_path/Frameworks @loader_path/Frameworks";
				PRODUCT_BUNDLE_IDENTIFIER = "Tutorial.Dynamics-DemoTests";
				PRODUCT_NAME = "$(TARGET_NAME)";
				TEST_HOST = "$(BUILT_PRODUCTS_DIR)/Dynamics Demo.app/Dynamics Demo";
			};
			name = Debug;
		};
		989739F91C4C3EEF0064EE98 /* Release */ = {
			isa = XCBuildConfiguration;
			buildSettings = {
				BUNDLE_LOADER = "$(TEST_HOST)";
				INFOPLIST_FILE = "Dynamics DemoTests/Info.plist";
				LD_RUNPATH_SEARCH_PATHS = "$(inherited) @executable_path/Frameworks @loader_path/Frameworks";
				PRODUCT_BUNDLE_IDENTIFIER = "Tutorial.Dynamics-DemoTests";
				PRODUCT_NAME = "$(TARGET_NAME)";
				TEST_HOST = "$(BUILT_PRODUCTS_DIR)/Dynamics Demo.app/Dynamics Demo";
			};
			name = Release;
		};
		989739FB1C4C3EEF0064EE98 /* Debug */ = {
			isa = XCBuildConfiguration;
			buildSettings = {
				INFOPLIST_FILE = "Dynamics DemoUITests/Info.plist";
				LD_RUNPATH_SEARCH_PATHS = "$(inherited) @executable_path/Frameworks @loader_path/Frameworks";
				PRODUCT_BUNDLE_IDENTIFIER = "Tutorial.Dynamics-DemoUITests";
				PRODUCT_NAME = "$(TARGET_NAME)";
				TEST_TARGET_NAME = "Dynamics Demo";
				USES_XCTRUNNER = YES;
			};
			name = Debug;
		};
		989739FC1C4C3EEF0064EE98 /* Release */ = {
			isa = XCBuildConfiguration;
			buildSettings = {
				INFOPLIST_FILE = "Dynamics DemoUITests/Info.plist";
				LD_RUNPATH_SEARCH_PATHS = "$(inherited) @executable_path/Frameworks @loader_path/Frameworks";
				PRODUCT_BUNDLE_IDENTIFIER = "Tutorial.Dynamics-DemoUITests";
				PRODUCT_NAME = "$(TARGET_NAME)";
				TEST_TARGET_NAME = "Dynamics Demo";
				USES_XCTRUNNER = YES;
			};
			name = Release;
		};
/* End XCBuildConfiguration section */

/* Begin XCConfigurationList section */
		989739C71C4C3EEE0064EE98 /* Build configuration list for PBXProject "Dynamics Demo" */ = {
			isa = XCConfigurationList;
			buildConfigurations = (
				989739F21C4C3EEF0064EE98 /* Debug */,
				989739F31C4C3EEF0064EE98 /* Release */,
			);
			defaultConfigurationIsVisible = 0;
			defaultConfigurationName = Release;
		};
		989739F41C4C3EEF0064EE98 /* Build configuration list for PBXNativeTarget "Dynamics Demo" */ = {
			isa = XCConfigurationList;
			buildConfigurations = (
				989739F51C4C3EEF0064EE98 /* Debug */,
				989739F61C4C3EEF0064EE98 /* Release */,
			);
			defaultConfigurationIsVisible = 0;
		};
		989739F71C4C3EEF0064EE98 /* Build configuration list for PBXNativeTarget "Dynamics DemoTests" */ = {
			isa = XCConfigurationList;
			buildConfigurations = (
				989739F81C4C3EEF0064EE98 /* Debug */,
				989739F91C4C3EEF0064EE98 /* Release */,
			);
			defaultConfigurationIsVisible = 0;
		};
		989739FA1C4C3EEF0064EE98 /* Build configuration list for PBXNativeTarget "Dynamics DemoUITests" */ = {
			isa = XCConfigurationList;
			buildConfigurations = (
				989739FB1C4C3EEF0064EE98 /* Debug */,
				989739FC1C4C3EEF0064EE98 /* Release */,
			);
			defaultConfigurationIsVisible = 0;
		};
/* End XCConfigurationList section */
	};
	rootObject = 989739C41C4C3EEE0064EE98 /* Project object */;
}
